{
  "originHash" : "b4a7c4a0e2bd87e75ac61379e8800ad3ecbcbdc26a8a4ef75c82b7dbe66b3535",
  "pins" : [
    {
      "identity" : "runtime_atlas",
      "kind" : "remoteSourceControl",
      "location" : "https://github.com/kmg0308/runtime_atlas.git",
      "state" : {
        "revision" : "59702ca141f43d123e22e14c27b0df2bca33d2f0"
      }
    },
    {
      "identity" : "token-scope",
      "kind" : "remoteSourceControl",
      "location" : "https://github.com/kmg0308/token-scope.git",
      "state" : {
        "revision" : "a4059242384e3ce429406dfa1bb5e16c06667c7b"
      }
    }
  ],
  "version" : 3
}
