{
  "originHash" : "0ed5a4937e1a3c86cfd3a4d9f314b95291a808523ecacea81960b161a4de506b",
  "pins" : [
    {
      "identity" : "runtime_atlas",
      "kind" : "remoteSourceControl",
      "location" : "https://github.com/kmg0308/runtime_atlas.git",
      "state" : {
        "revision" : "92b17a461913febf3957d6bfe51a0b02452ecd7c"
      }
    },
    {
      "identity" : "token-scope",
      "kind" : "remoteSourceControl",
      "location" : "https://github.com/kmg0308/token-scope.git",
      "state" : {
        "revision" : "a4059242384e3ce429406dfa1bb5e16c06667c7b"
      }
    }
  ],
  "version" : 3
}
