{
  "originHash" : "c4566da5d72dbebf0e3600ca79f438af63babc27c85cac1ea1e1dd0a9ad4e23f",
  "pins" : [
    {
      "identity" : "runtime_atlas",
      "kind" : "remoteSourceControl",
      "location" : "https://github.com/kmg0308/runtime_atlas.git",
      "state" : {
        "revision" : "caa9fae88153de439efa0fb29587e63ce4e87a6c"
      }
    },
    {
      "identity" : "token-scope",
      "kind" : "remoteSourceControl",
      "location" : "https://github.com/kmg0308/token-scope.git",
      "state" : {
        "revision" : "a4059242384e3ce429406dfa1bb5e16c06667c7b"
      }
    }
  ],
  "version" : 3
}
